
Microsoft Visual Studio Solution File, Format Version 12.00
# Visual Studio 15
VisualStudioVersion = 15.0.28010.2046
MinimumVisualStudioVersion = 10.0.40219.1
Project("{9A19103F-16F7-4668-BE54-9A1E7A4F7556}") = "BowlingGame", "BowlingGame\BowlingGame.csproj", "{E5726B53-D335-4DA1-BABA-96E4A8EE6B50}"
EndProject
Project("{9A19103F-16F7-4668-BE54-9A1E7A4F7556}") = "BowlingGameTests", "UnitTestProject1\BowlingGameTests.csproj", "{BA293853-75AB-4C8C-9FC8-06D85E46C76D}"
EndProject
Global
	GlobalSection(SolutionConfigurationPlatforms) = preSolution
		Debug|Any CPU = Debug|Any CPU
		Release|Any CPU = Release|Any CPU
	EndGlobalSection
	GlobalSection(ProjectConfigurationPlatforms) = postSolution
		{E5726B53-D335-4DA1-BABA-96E4A8EE6B50}.Debug|Any CPU.ActiveCfg = Debug|Any CPU
		{E5726B53-D335-4DA1-BABA-96E4A8EE6B50}.Debug|Any CPU.Build.0 = Debug|Any CPU
		{E5726B53-D335-4DA1-BABA-96E4A8EE6B50}.Release|Any CPU.ActiveCfg = Release|Any CPU
		{E5726B53-D335-4DA1-BABA-96E4A8EE6B50}.Release|Any CPU.Build.0 = Release|Any CPU
		{BA293853-75AB-4C8C-9FC8-06D85E46C76D}.Debug|Any CPU.ActiveCfg = Debug|Any CPU
		{BA293853-75AB-4C8C-9FC8-06D85E46C76D}.Debug|Any CPU.Build.0 = Debug|Any CPU
		{BA293853-75AB-4C8C-9FC8-06D85E46C76D}.Release|Any CPU.ActiveCfg = Release|Any CPU
		{BA293853-75AB-4C8C-9FC8-06D85E46C76D}.Release|Any CPU.Build.0 = Release|Any CPU
	EndGlobalSection
	GlobalSection(SolutionProperties) = preSolution
		HideSolutionNode = FALSE
	EndGlobalSection
	GlobalSection(ExtensibilityGlobals) = postSolution
		SolutionGuid = {A827A9D4-8B4C-4A0C-A69C-3E8EFF37E14B}
	EndGlobalSection
EndGlobal
